// !$*UTF8*$!
{
	archiveVersion = 1;
	classes = {
	};
	objectVersion = 46;
	objects = {

/* Begin PBXBuildFile section */
		9B82C379133D6098001577C0 /* UIKit.framework in Frameworks */ = {isa = PBXBuildFile; fileRef = 9B82C378133D6098001577C0 /* UIKit.framework */; };
		9B82C37B133D6098001577C0 /* Foundation.framework in Frameworks */ = {isa = PBXBuildFile; fileRef = 9B82C37A133D6098001577C0 /* Foundation.framework */; };
		9B82C37D133D6098001577C0 /* CoreGraphics.framework in Frameworks */ = {isa = PBXBuildFile; fileRef = 9B82C37C133D6098001577C0 /* CoreGraphics.framework */; };
		9B82C383133D6098001577C0 /* InfoPlist.strings in Resources */ = {isa = PBXBuildFile; fileRef = 9B82C381133D6098001577C0 /* InfoPlist.strings */; };
		9B82C386133D6098001577C0 /* main.m in Sources */ = {isa = PBXBuildFile; fileRef = 9B82C385133D6098001577C0 /* main.m */; };
		9B82C389133D6098001577C0 /* Mac_OSAppDelegate.m in Sources */ = {isa = PBXBuildFile; fileRef = 9B82C388133D6098001577C0 /* Mac_OSAppDelegate.m */; };
		9B82C38C133D6098001577C0 /* MainWindow.xib in Resources */ = {isa = PBXBuildFile; fileRef = 9B82C38A133D6098001577C0 /* MainWindow.xib */; };
		9B82C38F133D6098001577C0 /* RootViewController.m in Sources */ = {isa = PBXBuildFile; fileRef = 9B82C38E133D6098001577C0 /* RootViewController.m */; };
		9B82C392133D6098001577C0 /* RootViewController.xib in Resources */ = {isa = PBXBuildFile; fileRef = 9B82C390133D6098001577C0 /* RootViewController.xib */; };
/* End PBXBuildFile section */

/* Begin PBXFileReference section */
		9B82C374133D6098001577C0 /* Mac OS.app */ = {isa = PBXFileReference; explicitFileType = wrapper.application; includeInIndex = 0; path = "Mac OS.app"; sourceTree = BUILT_PRODUCTS_DIR; };
		9B82C378133D6098001577C0 /* UIKit.framework */ = {isa = PBXFileReference; lastKnownFileType = wrapper.framework; name = UIKit.framework; path = System/Library/Frameworks/UIKit.framework; sourceTree = SDKROOT; };
		9B82C37A133D6098001577C0 /* Foundation.framework */ = {isa = PBXFileReference; lastKnownFileType = wrapper.framework; name = Foundation.framework; path = System/Library/Frameworks/Foundation.framework; sourceTree = SDKROOT; };
		9B82C37C133D6098001577C0 /* CoreGraphics.framework */ = {isa = PBXFileReference; lastKnownFileType = wrapper.framework; name = CoreGraphics.framework; path = System/Library/Frameworks/CoreGraphics.framework; sourceTree = SDKROOT; };
		9B82C380133D6098001577C0 /* Mac OS-Info.plist */ = {isa = PBXFileReference; lastKnownFileType = text.plist.xml; path = "Mac OS-Info.plist"; sourceTree = "<group>"; };
		9B82C382133D6098001577C0 /* en */ = {isa = PBXFileReference; lastKnownFileType = text.plist.strings; name = en; path = en.lproj/InfoPlist.strings; sourceTree = "<group>"; };
		9B82C384133D6098001577C0 /* Mac OS-Prefix.pch */ = {isa = PBXFileReference; lastKnownFileType = sourcecode.c.h; path = "Mac OS-Prefix.pch"; sourceTree = "<group>"; };
		9B82C385133D6098001577C0 /* main.m */ = {isa = PBXFileReference; lastKnownFileType = sourcecode.c.objc; path = main.m; sourceTree = "<group>"; };
		9B82C387133D6098001577C0 /* Mac_OSAppDelegate.h */ = {isa = PBXFileReference; lastKnownFileType = sourcecode.c.h; path = Mac_OSAppDelegate.h; sourceTree = "<group>"; };
		9B82C388133D6098001577C0 /* Mac_OSAppDelegate.m */ = {isa = PBXFileReference; lastKnownFileType = sourcecode.c.objc; path = Mac_OSAppDelegate.m; sourceTree = "<group>"; };
		9B82C38B133D6098001577C0 /* en */ = {isa = PBXFileReference; lastKnownFileType = file.xib; name = en; path = en.lproj/MainWindow.xib; sourceTree = "<group>"; };
		9B82C38D133D6098001577C0 /* RootViewController.h */ = {isa = PBXFileReference; lastKnownFileType = sourcecode.c.h; path = RootViewController.h; sourceTree = "<group>"; };
		9B82C38E133D6098001577C0 /* RootViewController.m */ = {isa = PBXFileReference; lastKnownFileType = sourcecode.c.objc; path = RootViewController.m; sourceTree = "<group>"; };
		9B82C391133D6098001577C0 /* en */ = {isa = PBXFileReference; lastKnownFileType = file.xib; name = en; path = en.lproj/RootViewController.xib; sourceTree = "<group>"; };
/* End PBXFileReference section */

/* Begin PBXFrameworksBuildPhase section */
		9B82C371133D6098001577C0 /* Frameworks */ = {
			isa = PBXFrameworksBuildPhase;
			buildActionMask = 2147483647;
			files = (
				9B82C379133D6098001577C0 /* UIKit.framework in Frameworks */,
				9B82C37B133D6098001577C0 /* Foundation.framework in Frameworks */,
				9B82C37D133D6098001577C0 /* CoreGraphics.framework in Frameworks */,
			);
			runOnlyForDeploymentPostprocessing = 0;
		};
/* End PBXFrameworksBuildPhase section */

/* Begin PBXGroup section */
		9B82C369133D6098001577C0 = {
			isa = PBXGroup;
			children = (
				9B82C37E133D6098001577C0 /* Mac OS */,
				9B82C377133D6098001577C0 /* Frameworks */,
				9B82C375133D6098001577C0 /* Products */,
			);
			sourceTree = "<group>";
		};
		9B82C375133D6098001577C0 /* Products */ = {
			isa = PBXGroup;
			children = (
				9B82C374133D6098001577C0 /* Mac OS.app */,
			);
			name = Products;
			sourceTree = "<group>";
		};
		9B82C377133D6098001577C0 /* Frameworks */ = {
			isa = PBXGroup;
			children = (
				9B82C378133D6098001577C0 /* UIKit.framework */,
				9B82C37A133D6098001577C0 /* Foundation.framework */,
				9B82C37C133D6098001577C0 /* CoreGraphics.framework */,
			);
			name = Frameworks;
			sourceTree = "<group>";
		};
		9B82C37E133D6098001577C0 /* Mac OS */ = {
			isa = PBXGroup;
			children = (
				9B82C387133D6098001577C0 /* Mac_OSAppDelegate.h */,
				9B82C388133D6098001577C0 /* Mac_OSAppDelegate.m */,
				9B82C38A133D6098001577C0 /* MainWindow.xib */,
				9B82C38D133D6098001577C0 /* RootViewController.h */,
				9B82C38E133D6098001577C0 /* RootViewController.m */,
				9B82C390133D6098001577C0 /* RootViewController.xib */,
				9B82C37F133D6098001577C0 /* Supporting Files */,
			);
			path = "Mac OS";
			sourceTree = "<group>";
		};
		9B82C37F133D6098001577C0 /* Supporting Files */ = {
			isa = PBXGroup;
			children = (
				9B82C380133D6098001577C0 /* Mac OS-Info.plist */,
				9B82C381133D6098001577C0 /* InfoPlist.strings */,
				9B82C384133D6098001577C0 /* Mac OS-Prefix.pch */,
				9B82C385133D6098001577C0 /* main.m */,
			);
			name = "Supporting Files";
			sourceTree = "<group>";
		};
/* End PBXGroup section */

/* Begin PBXNativeTarget section */
		9B82C373133D6098001577C0 /* Mac OS */ = {
			isa = PBXNativeTarget;
			buildConfigurationList = 9B82C395133D6098001577C0 /* Build configuration list for PBXNativeTarget "Mac OS" */;
			buildPhases = (
				9B82C370133D6098001577C0 /* Sources */,
				9B82C371133D6098001577C0 /* Frameworks */,
				9B82C372133D6098001577C0 /* Resources */,
			);
			buildRules = (
			);
			dependencies = (
			);
			name = "Mac OS";
			productName = "Mac OS";
			productReference = 9B82C374133D6098001577C0 /* Mac OS.app */;
			productType = "com.apple.product-type.application";
		};
/* End PBXNativeTarget section */

/* Begin PBXProject section */
		9B82C36B133D6098001577C0 /* Project object */ = {
			isa = PBXProject;
			buildConfigurationList = 9B82C36E133D6098001577C0 /* Build configuration list for PBXProject "Mac OS" */;
			compatibilityVersion = "Xcode 3.2";
			developmentRegion = English;
			hasScannedForEncodings = 0;
			knownRegions = (
				en,
			);
			mainGroup = 9B82C369133D6098001577C0;
			productRefGroup = 9B82C375133D6098001577C0 /* Products */;
			projectDirPath = "";
			projectRoot = "";
			targets = (
				9B82C373133D6098001577C0 /* Mac OS */,
			);
		};
/* End PBXProject section */

/* Begin PBXResourcesBuildPhase section */
		9B82C372133D6098001577C0 /* Resources */ = {
			isa = PBXResourcesBuildPhase;
			buildActionMask = 2147483647;
			files = (
				9B82C383133D6098001577C0 /* InfoPlist.strings in Resources */,
				9B82C38C133D6098001577C0 /* MainWindow.xib in Resources */,
				9B82C392133D6098001577C0 /* RootViewController.xib in Resources */,
			);
			runOnlyForDeploymentPostprocessing = 0;
		};
/* End PBXResourcesBuildPhase section */

/* Begin PBXSourcesBuildPhase section */
		9B82C370133D6098001577C0 /* Sources */ = {
			isa = PBXSourcesBuildPhase;
			buildActionMask = 2147483647;
			files = (
				9B82C386133D6098001577C0 /* main.m in Sources */,
				9B82C389133D6098001577C0 /* Mac_OSAppDelegate.m in Sources */,
				9B82C38F133D6098001577C0 /* RootViewController.m in Sources */,
			);
			runOnlyForDeploymentPostprocessing = 0;
		};
/* End PBXSourcesBuildPhase section */

/* Begin PBXVariantGroup section */
		9B82C381133D6098001577C0 /* InfoPlist.strings */ = {
			isa = PBXVariantGroup;
			children = (
				9B82C382133D6098001577C0 /* en */,
			);
			name = InfoPlist.strings;
			sourceTree = "<group>";
		};
		9B82C38A133D6098001577C0 /* MainWindow.xib */ = {
			isa = PBXVariantGroup;
			children = (
				9B82C38B133D6098001577C0 /* en */,
			);
			name = MainWindow.xib;
			sourceTree = "<group>";
		};
		9B82C390133D6098001577C0 /* RootViewController.xib */ = {
			isa = PBXVariantGroup;
			children = (
				9B82C391133D6098001577C0 /* en */,
			);
			name = RootViewController.xib;
			sourceTree = "<group>";
		};
/* End PBXVariantGroup section */

/* Begin XCBuildConfiguration section */
		9B82C393133D6098001577C0 /* Debug */ = {
			isa = XCBuildConfiguration;
			buildSettings = {
				ARCHS = "$(ARCHS_STANDARD_32_BIT)";
				"CODE_SIGN_IDENTITY[sdk=iphoneos*]" = "iPhone Developer";
				GCC_C_LANGUAGE_STANDARD = gnu99;
				GCC_OPTIMIZATION_LEVEL = 0;
				GCC_PREPROCESSOR_DEFINITIONS = DEBUG;
				GCC_SYMBOLS_PRIVATE_EXTERN = NO;
				GCC_VERSION = com.apple.compilers.llvmgcc42;
				GCC_WARN_ABOUT_RETURN_TYPE = YES;
				GCC_WARN_UNUSED_VARIABLE = YES;
				IPHONEOS_DEPLOYMENT_TARGET = 4.3;
				SDKROOT = iphoneos;
			};
			name = Debug;
		};
		9B82C394133D6098001577C0 /* Release */ = {
			isa = XCBuildConfiguration;
			buildSettings = {
				ARCHS = "$(ARCHS_STANDARD_32_BIT)";
				"CODE_SIGN_IDENTITY[sdk=iphoneos*]" = "iPhone Developer";
				GCC_C_LANGUAGE_STANDARD = gnu99;
				GCC_VERSION = com.apple.compilers.llvmgcc42;
				GCC_WARN_ABOUT_RETURN_TYPE = YES;
				GCC_WARN_UNUSED_VARIABLE = YES;
				IPHONEOS_DEPLOYMENT_TARGET = 4.3;
				OTHER_CFLAGS = "-DNS_BLOCK_ASSERTIONS=1";
				SDKROOT = iphoneos;
			};
			name = Release;
		};
		9B82C396133D6098001577C0 /* Debug */ = {
			isa = XCBuildConfiguration;
			buildSettings = {
				ALWAYS_SEARCH_USER_PATHS = NO;
				COPY_PHASE_STRIP = NO;
				GCC_DYNAMIC_NO_PIC = NO;
				GCC_PRECOMPILE_PREFIX_HEADER = YES;
				GCC_PREFIX_HEADER = "Mac OS/Mac OS-Prefix.pch";
				INFOPLIST_FILE = "Mac OS/Mac OS-Info.plist";
				PRODUCT_NAME = "$(TARGET_NAME)";
				WRAPPER_EXTENSION = app;
			};
			name = Debug;
		};
		9B82C397133D6098001577C0 /* Release */ = {
			isa = XCBuildConfiguration;
			buildSettings = {
				ALWAYS_SEARCH_USER_PATHS = NO;
				COPY_PHASE_STRIP = YES;
				GCC_PRECOMPILE_PREFIX_HEADER = YES;
				GCC_PREFIX_HEADER = "Mac OS/Mac OS-Prefix.pch";
				INFOPLIST_FILE = "Mac OS/Mac OS-Info.plist";
				PRODUCT_NAME = "$(TARGET_NAME)";
				VALIDATE_PRODUCT = YES;
				WRAPPER_EXTENSION = app;
			};
			name = Release;
		};
/* End XCBuildConfiguration section */

/* Begin XCConfigurationList section */
		9B82C36E133D6098001577C0 /* Build configuration list for PBXProject "Mac OS" */ = {
			isa = XCConfigurationList;
			buildConfigurations = (
				9B82C393133D6098001577C0 /* Debug */,
				9B82C394133D6098001577C0 /* Release */,
			);
			defaultConfigurationIsVisible = 0;
			defaultConfigurationName = Release;
		};
		9B82C395133D6098001577C0 /* Build configuration list for PBXNativeTarget "Mac OS" */ = {
			isa = XCConfigurationList;
			buildConfigurations = (
				9B82C396133D6098001577C0 /* Debug */,
				9B82C397133D6098001577C0 /* Release */,
			);
			defaultConfigurationIsVisible = 0;
		};
/* End XCConfigurationList section */
	};
	rootObject = 9B82C36B133D6098001577C0 /* Project object */;
}
